// !$*UTF8*$!
{
	archiveVersion = 1;
	classes = {
	};
	objectVersion = 56;
	objects = {

/* Begin PBXBuildFile section */
		940EF8F5299417A6008D28AC /* DataDecoder.swift in Sources */ = {isa = PBXBuildFile; fileRef = 940EF8F4299417A6008D28AC /* DataDecoder.swift */; };
		940EF8F729941836008D28AC /* DataDecoderImpl.swift in Sources */ = {isa = PBXBuildFile; fileRef = 940EF8F629941836008D28AC /* DataDecoderImpl.swift */; };
		940EF8FC299425DA008D28AC /* RocketInfoCoordinator.swift in Sources */ = {isa = PBXBuildFile; fileRef = 940EF8FB299425DA008D28AC /* RocketInfoCoordinator.swift */; };
		940EF8FE29942617008D28AC /* RocketInfoCoordinatorImpl.swift in Sources */ = {isa = PBXBuildFile; fileRef = 940EF8FD29942617008D28AC /* RocketInfoCoordinatorImpl.swift */; };
		94113AD5299153FB00D72AA4 /* UITableViewCell + Ext.swift in Sources */ = {isa = PBXBuildFile; fileRef = 94113AD4299153FB00D72AA4 /* UITableViewCell + Ext.swift */; };
		94113AD8299154A200D72AA4 /* UIView + Ext.swift in Sources */ = {isa = PBXBuildFile; fileRef = 94113AD7299154A200D72AA4 /* UIView + Ext.swift */; };
		94113ADC2991555500D72AA4 /* BaseViewSetup.swift in Sources */ = {isa = PBXBuildFile; fileRef = 94113ADB2991555500D72AA4 /* BaseViewSetup.swift */; };
		94113AE02991576A00D72AA4 /* BaseViewController.swift in Sources */ = {isa = PBXBuildFile; fileRef = 94113ADF2991576A00D72AA4 /* BaseViewController.swift */; };
		94113AE2299159F100D72AA4 /* RocketInfoPresenterImpl.swift in Sources */ = {isa = PBXBuildFile; fileRef = 94113AE1299159F100D72AA4 /* RocketInfoPresenterImpl.swift */; };
		94113AE529915A4700D72AA4 /* RocketInfoPresenter.swift in Sources */ = {isa = PBXBuildFile; fileRef = 94113AE429915A4700D72AA4 /* RocketInfoPresenter.swift */; };
		94113AE929915B5200D72AA4 /* RocketViewControllerProtocol.swift in Sources */ = {isa = PBXBuildFile; fileRef = 94113AE829915B5200D72AA4 /* RocketViewControllerProtocol.swift */; };
		94113AEB2991699100D72AA4 /* PresentableView.swift in Sources */ = {isa = PBXBuildFile; fileRef = 94113AEA2991699100D72AA4 /* PresentableView.swift */; };
		94113AEE29916AE500D72AA4 /* AssemblyuBuilderImpl.swift in Sources */ = {isa = PBXBuildFile; fileRef = 94113AED29916AE500D72AA4 /* AssemblyuBuilderImpl.swift */; };
		943BF7A3298FF24800B7F3C6 /* AppDelegate.swift in Sources */ = {isa = PBXBuildFile; fileRef = 943BF7A2298FF24800B7F3C6 /* AppDelegate.swift */; };
		943BF7A5298FF24800B7F3C6 /* SceneDelegate.swift in Sources */ = {isa = PBXBuildFile; fileRef = 943BF7A4298FF24800B7F3C6 /* SceneDelegate.swift */; };
		943BF7A7298FF24800B7F3C6 /* RocketInfoViewController.swift in Sources */ = {isa = PBXBuildFile; fileRef = 943BF7A6298FF24800B7F3C6 /* RocketInfoViewController.swift */; };
		943BF7AC298FF24900B7F3C6 /* Assets.xcassets in Resources */ = {isa = PBXBuildFile; fileRef = 943BF7AB298FF24900B7F3C6 /* Assets.xcassets */; };
		943BF7AF298FF24900B7F3C6 /* LaunchScreen.storyboard in Resources */ = {isa = PBXBuildFile; fileRef = 943BF7AD298FF24900B7F3C6 /* LaunchScreen.storyboard */; };
		943BF7C3298FF47700B7F3C6 /* RocketAPIService.swift in Sources */ = {isa = PBXBuildFile; fileRef = 943BF7C2298FF47700B7F3C6 /* RocketAPIService.swift */; };
		943BF7C6298FF4E500B7F3C6 /* Rocket.swift in Sources */ = {isa = PBXBuildFile; fileRef = 943BF7C5298FF4E500B7F3C6 /* Rocket.swift */; };
		943BF7C9298FF77700B7F3C6 /* ISP.swift in Sources */ = {isa = PBXBuildFile; fileRef = 943BF7C8298FF77700B7F3C6 /* ISP.swift */; };
		943BF7CB298FF7A600B7F3C6 /* Diameter.swift in Sources */ = {isa = PBXBuildFile; fileRef = 943BF7CA298FF7A600B7F3C6 /* Diameter.swift */; };
		943BF7CD298FF7BC00B7F3C6 /* Thrust.swift in Sources */ = {isa = PBXBuildFile; fileRef = 943BF7CC298FF7BC00B7F3C6 /* Thrust.swift */; };
		943BF7CF298FF7F000B7F3C6 /* FirstStage.swift in Sources */ = {isa = PBXBuildFile; fileRef = 943BF7CE298FF7F000B7F3C6 /* FirstStage.swift */; };
		943BF7D1298FF80900B7F3C6 /* SecondStage.swift in Sources */ = {isa = PBXBuildFile; fileRef = 943BF7D0298FF80900B7F3C6 /* SecondStage.swift */; };
		943BF7D3298FF82300B7F3C6 /* LandingLegs.swift in Sources */ = {isa = PBXBuildFile; fileRef = 943BF7D2298FF82300B7F3C6 /* LandingLegs.swift */; };
		943BF7D5298FF83200B7F3C6 /* Mass.swift in Sources */ = {isa = PBXBuildFile; fileRef = 943BF7D4298FF83200B7F3C6 /* Mass.swift */; };
		943BF7D7298FF84A00B7F3C6 /* PayloadWeight.swift in Sources */ = {isa = PBXBuildFile; fileRef = 943BF7D6298FF84A00B7F3C6 /* PayloadWeight.swift */; };
		943BF7D9298FF86700B7F3C6 /* Payloads.swift in Sources */ = {isa = PBXBuildFile; fileRef = 943BF7D8298FF86700B7F3C6 /* Payloads.swift */; };
		943BF7DB298FF88300B7F3C6 /* Engines.swift in Sources */ = {isa = PBXBuildFile; fileRef = 943BF7DA298FF88300B7F3C6 /* Engines.swift */; };
		943BF7DD298FF8A000B7F3C6 /* CompositeFairing.swift in Sources */ = {isa = PBXBuildFile; fileRef = 943BF7DC298FF8A000B7F3C6 /* CompositeFairing.swift */; };
		943BF7F02990037800B7F3C6 /* RocketAPIServiceImpl.swift in Sources */ = {isa = PBXBuildFile; fileRef = 943BF7EF2990037800B7F3C6 /* RocketAPIServiceImpl.swift */; };
		943BF7F22990046E00B7F3C6 /* HttpError.swift in Sources */ = {isa = PBXBuildFile; fileRef = 943BF7F12990046E00B7F3C6 /* HttpError.swift */; };
		943BF7FD29900B3900B7F3C6 /* Core.swift in Sources */ = {isa = PBXBuildFile; fileRef = 943BF7F529900B3900B7F3C6 /* Core.swift */; };
		943BF7FE29900B3900B7F3C6 /* Patch.swift in Sources */ = {isa = PBXBuildFile; fileRef = 943BF7F629900B3900B7F3C6 /* Patch.swift */; };
		943BF7FF29900B3900B7F3C6 /* Fairings.swift in Sources */ = {isa = PBXBuildFile; fileRef = 943BF7F729900B3900B7F3C6 /* Fairings.swift */; };
		943BF80029900B3900B7F3C6 /* RocketLaunch.swift in Sources */ = {isa = PBXBuildFile; fileRef = 943BF7F829900B3900B7F3C6 /* RocketLaunch.swift */; };
		943BF80129900B3900B7F3C6 /* Links.swift in Sources */ = {isa = PBXBuildFile; fileRef = 943BF7F929900B3900B7F3C6 /* Links.swift */; };
		943BF80229900B3900B7F3C6 /* Flickr.swift in Sources */ = {isa = PBXBuildFile; fileRef = 943BF7FA29900B3900B7F3C6 /* Flickr.swift */; };
		943BF80329900B3900B7F3C6 /* Failure.swift in Sources */ = {isa = PBXBuildFile; fileRef = 943BF7FB29900B3900B7F3C6 /* Failure.swift */; };
		943BF80429900B3900B7F3C6 /* Reddit.swift in Sources */ = {isa = PBXBuildFile; fileRef = 943BF7FC29900B3900B7F3C6 /* Reddit.swift */; };
		943BF80629902A0300B7F3C6 /* URLBuilder.swift in Sources */ = {isa = PBXBuildFile; fileRef = 943BF80529902A0300B7F3C6 /* URLBuilder.swift */; };
		943BF80829902CC500B7F3C6 /* URLBuilderImpl.swift in Sources */ = {isa = PBXBuildFile; fileRef = 943BF80729902CC500B7F3C6 /* URLBuilderImpl.swift */; };
		94489DF32998DB8600AB6F59 /* LaunchesCoordinator.swift in Sources */ = {isa = PBXBuildFile; fileRef = 94489DF22998DB8600AB6F59 /* LaunchesCoordinator.swift */; };
		94489DF52998DBD100AB6F59 /* LaunchesCoordinatorImpl.swift in Sources */ = {isa = PBXBuildFile; fileRef = 94489DF42998DBD100AB6F59 /* LaunchesCoordinatorImpl.swift */; };
		94489DF72998DC9500AB6F59 /* LaunchesPresenter.swift in Sources */ = {isa = PBXBuildFile; fileRef = 94489DF62998DC9500AB6F59 /* LaunchesPresenter.swift */; };
		94489DF92998DCB800AB6F59 /* LaunchesPresenterImpl.swift in Sources */ = {isa = PBXBuildFile; fileRef = 94489DF82998DCB800AB6F59 /* LaunchesPresenterImpl.swift */; };
		94489DFB2998DD2800AB6F59 /* LaunchesViewControllerProtocol.swift in Sources */ = {isa = PBXBuildFile; fileRef = 94489DFA2998DD2800AB6F59 /* LaunchesViewControllerProtocol.swift */; };
		9463C2362996B60400143193 /* Date + Ext.swift in Sources */ = {isa = PBXBuildFile; fileRef = 9463C2352996B60400143193 /* Date + Ext.swift */; };
		9463C2382996B61C00143193 /* DateFormatter + Ext.swift in Sources */ = {isa = PBXBuildFile; fileRef = 9463C2372996B61C00143193 /* DateFormatter + Ext.swift */; };
		9463C23A2996B6E000143193 /* String + Ext.swift in Sources */ = {isa = PBXBuildFile; fileRef = 9463C2392996B6E000143193 /* String + Ext.swift */; };
		9463C23E2996BEFA00143193 /* RocketPagesCoordinatorImpl.swift in Sources */ = {isa = PBXBuildFile; fileRef = 9463C23D2996BEFA00143193 /* RocketPagesCoordinatorImpl.swift */; };
		9463C2402996C0DB00143193 /* RocketPagesCoordinator.swift in Sources */ = {isa = PBXBuildFile; fileRef = 9463C23F2996C0DB00143193 /* RocketPagesCoordinator.swift */; };
		9463C2452996D77300143193 /* LenghtUnit.swift in Sources */ = {isa = PBXBuildFile; fileRef = 9463C2442996D77300143193 /* LenghtUnit.swift */; };
		9463C2472996D78700143193 /* WeightUnit.swift in Sources */ = {isa = PBXBuildFile; fileRef = 9463C2462996D78700143193 /* WeightUnit.swift */; };
		9463C2492996D79000143193 /* TimeUnit.swift in Sources */ = {isa = PBXBuildFile; fileRef = 9463C2482996D79000143193 /* TimeUnit.swift */; };
		9485E3522998089E00FCE2F6 /* LaunchesViewController.swift in Sources */ = {isa = PBXBuildFile; fileRef = 9485E3512998089E00FCE2F6 /* LaunchesViewController.swift */; };
		9485E35529980AC200FCE2F6 /* LaunchCollectionViewCell.swift in Sources */ = {isa = PBXBuildFile; fileRef = 9485E35429980AC200FCE2F6 /* LaunchCollectionViewCell.swift */; };
		9485E35729980BBB00FCE2F6 /* LaunchCellViewModel.swift in Sources */ = {isa = PBXBuildFile; fileRef = 9485E35629980BBB00FCE2F6 /* LaunchCellViewModel.swift */; };
		9492692E2993BE740066E5E1 /* DI.swift in Sources */ = {isa = PBXBuildFile; fileRef = 9492692D2993BE740066E5E1 /* DI.swift */; };
		949269312993BED30066E5E1 /* AppFactory.swift in Sources */ = {isa = PBXBuildFile; fileRef = 949269302993BED30066E5E1 /* AppFactory.swift */; };
		949269332993BF0F0066E5E1 /* Coordinator.swift in Sources */ = {isa = PBXBuildFile; fileRef = 949269322993BF0F0066E5E1 /* Coordinator.swift */; };
		949269352993BF5C0066E5E1 /* AssemblyBuilder.swift in Sources */ = {isa = PBXBuildFile; fileRef = 949269342993BF5C0066E5E1 /* AssemblyBuilder.swift */; };
		949269372993C34B0066E5E1 /* Router.swift in Sources */ = {isa = PBXBuildFile; fileRef = 949269362993C34B0066E5E1 /* Router.swift */; };
		949269392993C3650066E5E1 /* Presentable.swift in Sources */ = {isa = PBXBuildFile; fileRef = 949269382993C3650066E5E1 /* Presentable.swift */; };
		9492693C2993C3980066E5E1 /* Closure.swift in Sources */ = {isa = PBXBuildFile; fileRef = 9492693B2993C3980066E5E1 /* Closure.swift */; };
		9492693E2993C4020066E5E1 /* RouterImpl.swift in Sources */ = {isa = PBXBuildFile; fileRef = 9492693D2993C4020066E5E1 /* RouterImpl.swift */; };
		949269402993C4310066E5E1 /* BaseCoordinator.swift in Sources */ = {isa = PBXBuildFile; fileRef = 9492693F2993C4310066E5E1 /* BaseCoordinator.swift */; };
		949269422993C4BF0066E5E1 /* CoordinatorsFactory.swift in Sources */ = {isa = PBXBuildFile; fileRef = 949269412993C4BF0066E5E1 /* CoordinatorsFactory.swift */; };
		949269452993C5320066E5E1 /* ApplicationCoordinator.swift in Sources */ = {isa = PBXBuildFile; fileRef = 949269442993C5320066E5E1 /* ApplicationCoordinator.swift */; };
		949269472993C5F90066E5E1 /* CoordinatorsFactoryImpl.swift in Sources */ = {isa = PBXBuildFile; fileRef = 949269462993C5F90066E5E1 /* CoordinatorsFactoryImpl.swift */; };
		9492694B2993CABB0066E5E1 /* RocketPagesPresenterImpl.swift in Sources */ = {isa = PBXBuildFile; fileRef = 9492694A2993CABB0066E5E1 /* RocketPagesPresenterImpl.swift */; };
		9492694D2993CADF0066E5E1 /* RocketPagesPresenter.swift in Sources */ = {isa = PBXBuildFile; fileRef = 9492694C2993CADF0066E5E1 /* RocketPagesPresenter.swift */; };
		9492694F2993CB630066E5E1 /* RocketPagesViewControllerProtocol.swift in Sources */ = {isa = PBXBuildFile; fileRef = 9492694E2993CB630066E5E1 /* RocketPagesViewControllerProtocol.swift */; };
		949DFE052992599600BE27A7 /* UICollectionViewCell + Ext.swift in Sources */ = {isa = PBXBuildFile; fileRef = 949DFE042992599600BE27A7 /* UICollectionViewCell + Ext.swift */; };
		949DFE072992617200BE27A7 /* RocketInfoSection.swift in Sources */ = {isa = PBXBuildFile; fileRef = 949DFE062992617200BE27A7 /* RocketInfoSection.swift */; };
		949DFE0A2992791200BE27A7 /* RocketStageCollectionViewCell.swift in Sources */ = {isa = PBXBuildFile; fileRef = 949DFE092992791200BE27A7 /* RocketStageCollectionViewCell.swift */; };
		949DFE0D2992793700BE27A7 /* BaseCollectionViewCell.swift in Sources */ = {isa = PBXBuildFile; fileRef = 949DFE0C2992793700BE27A7 /* BaseCollectionViewCell.swift */; };
		949DFE0F29927D4A00BE27A7 /* RocketSpecificationCollectionViewCell.swift in Sources */ = {isa = PBXBuildFile; fileRef = 949DFE0E29927D4A00BE27A7 /* RocketSpecificationCollectionViewCell.swift */; };
		949DFE122992857D00BE27A7 /* CollectionViewHeaderReusableView.swift in Sources */ = {isa = PBXBuildFile; fileRef = 949DFE112992857D00BE27A7 /* CollectionViewHeaderReusableView.swift */; };
		949DFE142992912100BE27A7 /* RocketInfoCollectionViewCell.swift in Sources */ = {isa = PBXBuildFile; fileRef = 949DFE132992912100BE27A7 /* RocketInfoCollectionViewCell.swift */; };
		94AAB7A6299932A40049C0E6 /* LoadingIndicatorManagementProtocol.swift in Sources */ = {isa = PBXBuildFile; fileRef = 94AAB7A5299932A40049C0E6 /* LoadingIndicatorManagementProtocol.swift */; };
		94AAB7A8299934E50049C0E6 /* UIActivityIndicatorView + Ext.swift in Sources */ = {isa = PBXBuildFile; fileRef = 94AAB7A7299934E50049C0E6 /* UIActivityIndicatorView + Ext.swift */; };
		94E6DC632992A1390088080C /* RockeHeaderView.swift in Sources */ = {isa = PBXBuildFile; fileRef = 94E6DC622992A1390088080C /* RockeHeaderView.swift */; };
		94E6DC652992A1540088080C /* BaseView.swift in Sources */ = {isa = PBXBuildFile; fileRef = 94E6DC642992A1540088080C /* BaseView.swift */; };
		94E6DC672992AE460088080C /* RocketHeaderCollectionViewCell.swift in Sources */ = {isa = PBXBuildFile; fileRef = 94E6DC662992AE460088080C /* RocketHeaderCollectionViewCell.swift */; };
		94E6DC692992C1210088080C /* UIViewController + Ext.swift in Sources */ = {isa = PBXBuildFile; fileRef = 94E6DC682992C1210088080C /* UIViewController + Ext.swift */; };
		94E6DC6D2992CA5C0088080C /* SettingsOptions.swift in Sources */ = {isa = PBXBuildFile; fileRef = 94E6DC6C2992CA5C0088080C /* SettingsOptions.swift */; };
		94E6DC6F2992CC110088080C /* CaseIterable + Ext.swift in Sources */ = {isa = PBXBuildFile; fileRef = 94E6DC6E2992CC110088080C /* CaseIterable + Ext.swift */; };
		94E6DC712992CCE00088080C /* SettingsButton.swift in Sources */ = {isa = PBXBuildFile; fileRef = 94E6DC702992CCE00088080C /* SettingsButton.swift */; };
		94E6DC742992D2B20088080C /* RocketHeaderCellViewModel.swift in Sources */ = {isa = PBXBuildFile; fileRef = 94E6DC732992D2B20088080C /* RocketHeaderCellViewModel.swift */; };
		94E6DC792992D3310088080C /* RocketSpecificationCellViewModel.swift in Sources */ = {isa = PBXBuildFile; fileRef = 94E6DC782992D3310088080C /* RocketSpecificationCellViewModel.swift */; };
		94E6DC7B2992D3880088080C /* RocketInfoCellViewModel.swift in Sources */ = {isa = PBXBuildFile; fileRef = 94E6DC7A2992D3880088080C /* RocketInfoCellViewModel.swift */; };
		94E6DC7D2992D3B00088080C /* RocketStageCellViewModel.swift in Sources */ = {isa = PBXBuildFile; fileRef = 94E6DC7C2992D3B00088080C /* RocketStageCellViewModel.swift */; };
		94E6DC802992DA450088080C /* RocketPagesViewController.swift in Sources */ = {isa = PBXBuildFile; fileRef = 94E6DC7F2992DA450088080C /* RocketPagesViewController.swift */; };
		94E7042C2997961E00A9C684 /* AsyncImageView.swift in Sources */ = {isa = PBXBuildFile; fileRef = 94E7042B2997961E00A9C684 /* AsyncImageView.swift */; };
		94E7042E29979B0D00A9C684 /* LaunchesButtonCollectionViewCell.swift in Sources */ = {isa = PBXBuildFile; fileRef = 94E7042D29979B0D00A9C684 /* LaunchesButtonCollectionViewCell.swift */; };
		94E7043129979ED200A9C684 /* CompositionalLayoutHelper.swift in Sources */ = {isa = PBXBuildFile; fileRef = 94E7043029979ED200A9C684 /* CompositionalLayoutHelper.swift */; };
		94E704362997B3A100A9C684 /* SettingsViewController.swift in Sources */ = {isa = PBXBuildFile; fileRef = 94E704352997B3A100A9C684 /* SettingsViewController.swift */; };
		94E7043A2997B54A00A9C684 /* SettingTableViewCell.swift in Sources */ = {isa = PBXBuildFile; fileRef = 94E704392997B54A00A9C684 /* SettingTableViewCell.swift */; };
		94E7043C2997B56F00A9C684 /* BaseTableViewCell.swift in Sources */ = {isa = PBXBuildFile; fileRef = 94E7043B2997B56F00A9C684 /* BaseTableViewCell.swift */; };
		94E7043E2997B7AF00A9C684 /* Unit.swift in Sources */ = {isa = PBXBuildFile; fileRef = 94E7043D2997B7AF00A9C684 /* Unit.swift */; };
		94E704412997C0CF00A9C684 /* SettingsPresenter.swift in Sources */ = {isa = PBXBuildFile; fileRef = 94E704402997C0CF00A9C684 /* SettingsPresenter.swift */; };
		94E704432997C74C00A9C684 /* SettingsPresenterImpl.swift in Sources */ = {isa = PBXBuildFile; fileRef = 94E704422997C74C00A9C684 /* SettingsPresenterImpl.swift */; };
		94E704452997C77200A9C684 /* SettingsViewControllerProtocol.swift in Sources */ = {isa = PBXBuildFile; fileRef = 94E704442997C77200A9C684 /* SettingsViewControllerProtocol.swift */; };
		94E704472997C83300A9C684 /* SettingsCoordinatorImpl.swift in Sources */ = {isa = PBXBuildFile; fileRef = 94E704462997C83300A9C684 /* SettingsCoordinatorImpl.swift */; };
		94E704492997C9A900A9C684 /* SettingsCoordinator.swift in Sources */ = {isa = PBXBuildFile; fileRef = 94E704482997C9A900A9C684 /* SettingsCoordinator.swift */; };
		94E7044B2997D24B00A9C684 /* Settings.swift in Sources */ = {isa = PBXBuildFile; fileRef = 94E7044A2997D24B00A9C684 /* Settings.swift */; };
		94E7044D2997D2A700A9C684 /* SettingsImpl.swift in Sources */ = {isa = PBXBuildFile; fileRef = 94E7044C2997D2A700A9C684 /* SettingsImpl.swift */; };
		94E7044F2997F37500A9C684 /* Notification.Name + Ext.swift in Sources */ = {isa = PBXBuildFile; fileRef = 94E7044E2997F37500A9C684 /* Notification.Name + Ext.swift */; };
		94E704512997F7F900A9C684 /* Int + Ext.swift in Sources */ = {isa = PBXBuildFile; fileRef = 94E704502997F7F900A9C684 /* Int + Ext.swift */; };
/* End PBXBuildFile section */

/* Begin PBXFileReference section */
		940EF8F4299417A6008D28AC /* DataDecoder.swift */ = {isa = PBXFileReference; lastKnownFileType = sourcecode.swift; path = DataDecoder.swift; sourceTree = "<group>"; };
		940EF8F629941836008D28AC /* DataDecoderImpl.swift */ = {isa = PBXFileReference; lastKnownFileType = sourcecode.swift; path = DataDecoderImpl.swift; sourceTree = "<group>"; };
		940EF8FB299425DA008D28AC /* RocketInfoCoordinator.swift */ = {isa = PBXFileReference; lastKnownFileType = sourcecode.swift; path = RocketInfoCoordinator.swift; sourceTree = "<group>"; };
		940EF8FD29942617008D28AC /* RocketInfoCoordinatorImpl.swift */ = {isa = PBXFileReference; lastKnownFileType = sourcecode.swift; path = RocketInfoCoordinatorImpl.swift; sourceTree = "<group>"; };
		94113AD4299153FB00D72AA4 /* UITableViewCell + Ext.swift */ = {isa = PBXFileReference; lastKnownFileType = sourcecode.swift; path = "UITableViewCell + Ext.swift"; sourceTree = "<group>"; };
		94113AD7299154A200D72AA4 /* UIView + Ext.swift */ = {isa = PBXFileReference; lastKnownFileType = sourcecode.swift; path = "UIView + Ext.swift"; sourceTree = "<group>"; };
		94113ADB2991555500D72AA4 /* BaseViewSetup.swift */ = {isa = PBXFileReference; lastKnownFileType = sourcecode.swift; path = BaseViewSetup.swift; sourceTree = "<group>"; };
		94113ADF2991576A00D72AA4 /* BaseViewController.swift */ = {isa = PBXFileReference; lastKnownFileType = sourcecode.swift; path = BaseViewController.swift; sourceTree = "<group>"; };
		94113AE1299159F100D72AA4 /* RocketInfoPresenterImpl.swift */ = {isa = PBXFileReference; lastKnownFileType = sourcecode.swift; path = RocketInfoPresenterImpl.swift; sourceTree = "<group>"; };
		94113AE429915A4700D72AA4 /* RocketInfoPresenter.swift */ = {isa = PBXFileReference; lastKnownFileType = sourcecode.swift; path = RocketInfoPresenter.swift; sourceTree = "<group>"; };
		94113AE829915B5200D72AA4 /* RocketViewControllerProtocol.swift */ = {isa = PBXFileReference; lastKnownFileType = sourcecode.swift; path = RocketViewControllerProtocol.swift; sourceTree = "<group>"; };
		94113AEA2991699100D72AA4 /* PresentableView.swift */ = {isa = PBXFileReference; lastKnownFileType = sourcecode.swift; path = PresentableView.swift; sourceTree = "<group>"; };
		94113AED29916AE500D72AA4 /* AssemblyuBuilderImpl.swift */ = {isa = PBXFileReference; lastKnownFileType = sourcecode.swift; path = AssemblyuBuilderImpl.swift; sourceTree = "<group>"; };
		943BF79F298FF24800B7F3C6 /* Kontur-TestTask.app */ = {isa = PBXFileReference; explicitFileType = wrapper.application; includeInIndex = 0; path = "Kontur-TestTask.app"; sourceTree = BUILT_PRODUCTS_DIR; };
		943BF7A2298FF24800B7F3C6 /* AppDelegate.swift */ = {isa = PBXFileReference; lastKnownFileType = sourcecode.swift; path = AppDelegate.swift; sourceTree = "<group>"; };
		943BF7A4298FF24800B7F3C6 /* SceneDelegate.swift */ = {isa = PBXFileReference; lastKnownFileType = sourcecode.swift; path = SceneDelegate.swift; sourceTree = "<group>"; };
		943BF7A6298FF24800B7F3C6 /* RocketInfoViewController.swift */ = {isa = PBXFileReference; lastKnownFileType = sourcecode.swift; path = RocketInfoViewController.swift; sourceTree = "<group>"; };
		943BF7AB298FF24900B7F3C6 /* Assets.xcassets */ = {isa = PBXFileReference; lastKnownFileType = folder.assetcatalog; path = Assets.xcassets; sourceTree = "<group>"; };
		943BF7AE298FF24900B7F3C6 /* Base */ = {isa = PBXFileReference; lastKnownFileType = file.storyboard; name = Base; path = Base.lproj/LaunchScreen.storyboard; sourceTree = "<group>"; };
		943BF7B0298FF24900B7F3C6 /* Info.plist */ = {isa = PBXFileReference; lastKnownFileType = text.plist.xml; path = Info.plist; sourceTree = "<group>"; };
		943BF7C2298FF47700B7F3C6 /* RocketAPIService.swift */ = {isa = PBXFileReference; lastKnownFileType = sourcecode.swift; path = RocketAPIService.swift; sourceTree = "<group>"; };
		943BF7C5298FF4E500B7F3C6 /* Rocket.swift */ = {isa = PBXFileReference; lastKnownFileType = sourcecode.swift; path = Rocket.swift; sourceTree = "<group>"; };
		943BF7C8298FF77700B7F3C6 /* ISP.swift */ = {isa = PBXFileReference; lastKnownFileType = sourcecode.swift; path = ISP.swift; sourceTree = "<group>"; };
		943BF7CA298FF7A600B7F3C6 /* Diameter.swift */ = {isa = PBXFileReference; lastKnownFileType = sourcecode.swift; path = Diameter.swift; sourceTree = "<group>"; };
		943BF7CC298FF7BC00B7F3C6 /* Thrust.swift */ = {isa = PBXFileReference; lastKnownFileType = sourcecode.swift; path = Thrust.swift; sourceTree = "<group>"; };
		943BF7CE298FF7F000B7F3C6 /* FirstStage.swift */ = {isa = PBXFileReference; lastKnownFileType = sourcecode.swift; path = FirstStage.swift; sourceTree = "<group>"; };
		943BF7D0298FF80900B7F3C6 /* SecondStage.swift */ = {isa = PBXFileReference; lastKnownFileType = sourcecode.swift; path = SecondStage.swift; sourceTree = "<group>"; };
		943BF7D2298FF82300B7F3C6 /* LandingLegs.swift */ = {isa = PBXFileReference; lastKnownFileType = sourcecode.swift; path = LandingLegs.swift; sourceTree = "<group>"; };
		943BF7D4298FF83200B7F3C6 /* Mass.swift */ = {isa = PBXFileReference; lastKnownFileType = sourcecode.swift; path = Mass.swift; sourceTree = "<group>"; };
		943BF7D6298FF84A00B7F3C6 /* PayloadWeight.swift */ = {isa = PBXFileReference; lastKnownFileType = sourcecode.swift; path = PayloadWeight.swift; sourceTree = "<group>"; };
		943BF7D8298FF86700B7F3C6 /* Payloads.swift */ = {isa = PBXFileReference; lastKnownFileType = sourcecode.swift; path = Payloads.swift; sourceTree = "<group>"; };
		943BF7DA298FF88300B7F3C6 /* Engines.swift */ = {isa = PBXFileReference; lastKnownFileType = sourcecode.swift; path = Engines.swift; sourceTree = "<group>"; };
		943BF7DC298FF8A000B7F3C6 /* CompositeFairing.swift */ = {isa = PBXFileReference; lastKnownFileType = sourcecode.swift; path = CompositeFairing.swift; sourceTree = "<group>"; };
		943BF7EF2990037800B7F3C6 /* RocketAPIServiceImpl.swift */ = {isa = PBXFileReference; lastKnownFileType = sourcecode.swift; path = RocketAPIServiceImpl.swift; sourceTree = "<group>"; };
		943BF7F12990046E00B7F3C6 /* HttpError.swift */ = {isa = PBXFileReference; lastKnownFileType = sourcecode.swift; path = HttpError.swift; sourceTree = "<group>"; };
		943BF7F529900B3900B7F3C6 /* Core.swift */ = {isa = PBXFileReference; fileEncoding = 4; lastKnownFileType = sourcecode.swift; path = Core.swift; sourceTree = "<group>"; };
		943BF7F629900B3900B7F3C6 /* Patch.swift */ = {isa = PBXFileReference; fileEncoding = 4; lastKnownFileType = sourcecode.swift; path = Patch.swift; sourceTree = "<group>"; };
		943BF7F729900B3900B7F3C6 /* Fairings.swift */ = {isa = PBXFileReference; fileEncoding = 4; lastKnownFileType = sourcecode.swift; path = Fairings.swift; sourceTree = "<group>"; };
		943BF7F829900B3900B7F3C6 /* RocketLaunch.swift */ = {isa = PBXFileReference; fileEncoding = 4; lastKnownFileType = sourcecode.swift; path = RocketLaunch.swift; sourceTree = "<group>"; };
		943BF7F929900B3900B7F3C6 /* Links.swift */ = {isa = PBXFileReference; fileEncoding = 4; lastKnownFileType = sourcecode.swift; path = Links.swift; sourceTree = "<group>"; };
		943BF7FA29900B3900B7F3C6 /* Flickr.swift */ = {isa = PBXFileReference; fileEncoding = 4; lastKnownFileType = sourcecode.swift; path = Flickr.swift; sourceTree = "<group>"; };
		943BF7FB29900B3900B7F3C6 /* Failure.swift */ = {isa = PBXFileReference; fileEncoding = 4; lastKnownFileType = sourcecode.swift; path = Failure.swift; sourceTree = "<group>"; };
		943BF7FC29900B3900B7F3C6 /* Reddit.swift */ = {isa = PBXFileReference; fileEncoding = 4; lastKnownFileType = sourcecode.swift; path = Reddit.swift; sourceTree = "<group>"; };
		943BF80529902A0300B7F3C6 /* URLBuilder.swift */ = {isa = PBXFileReference; lastKnownFileType = sourcecode.swift; path = URLBuilder.swift; sourceTree = "<group>"; };
		943BF80729902CC500B7F3C6 /* URLBuilderImpl.swift */ = {isa = PBXFileReference; lastKnownFileType = sourcecode.swift; path = URLBuilderImpl.swift; sourceTree = "<group>"; };
		94489DF22998DB8600AB6F59 /* LaunchesCoordinator.swift */ = {isa = PBXFileReference; lastKnownFileType = sourcecode.swift; path = LaunchesCoordinator.swift; sourceTree = "<group>"; };
		94489DF42998DBD100AB6F59 /* LaunchesCoordinatorImpl.swift */ = {isa = PBXFileReference; lastKnownFileType = sourcecode.swift; path = LaunchesCoordinatorImpl.swift; sourceTree = "<group>"; };
		94489DF62998DC9500AB6F59 /* LaunchesPresenter.swift */ = {isa = PBXFileReference; lastKnownFileType = sourcecode.swift; path = LaunchesPresenter.swift; sourceTree = "<group>"; };
		94489DF82998DCB800AB6F59 /* LaunchesPresenterImpl.swift */ = {isa = PBXFileReference; lastKnownFileType = sourcecode.swift; path = LaunchesPresenterImpl.swift; sourceTree = "<group>"; };
		94489DFA2998DD2800AB6F59 /* LaunchesViewControllerProtocol.swift */ = {isa = PBXFileReference; lastKnownFileType = sourcecode.swift; path = LaunchesViewControllerProtocol.swift; sourceTree = "<group>"; };
		9463C2352996B60400143193 /* Date + Ext.swift */ = {isa = PBXFileReference; lastKnownFileType = sourcecode.swift; path = "Date + Ext.swift"; sourceTree = "<group>"; };
		9463C2372996B61C00143193 /* DateFormatter + Ext.swift */ = {isa = PBXFileReference; lastKnownFileType = sourcecode.swift; path = "DateFormatter + Ext.swift"; sourceTree = "<group>"; };
		9463C2392996B6E000143193 /* String + Ext.swift */ = {isa = PBXFileReference; lastKnownFileType = sourcecode.swift; path = "String + Ext.swift"; sourceTree = "<group>"; };
		9463C23D2996BEFA00143193 /* RocketPagesCoordinatorImpl.swift */ = {isa = PBXFileReference; lastKnownFileType = sourcecode.swift; path = RocketPagesCoordinatorImpl.swift; sourceTree = "<group>"; };
		9463C23F2996C0DB00143193 /* RocketPagesCoordinator.swift */ = {isa = PBXFileReference; lastKnownFileType = sourcecode.swift; path = RocketPagesCoordinator.swift; sourceTree = "<group>"; };
		9463C2442996D77300143193 /* LenghtUnit.swift */ = {isa = PBXFileReference; lastKnownFileType = sourcecode.swift; path = LenghtUnit.swift; sourceTree = "<group>"; };
		9463C2462996D78700143193 /* WeightUnit.swift */ = {isa = PBXFileReference; lastKnownFileType = sourcecode.swift; path = WeightUnit.swift; sourceTree = "<group>"; };
		9463C2482996D79000143193 /* TimeUnit.swift */ = {isa = PBXFileReference; lastKnownFileType = sourcecode.swift; path = TimeUnit.swift; sourceTree = "<group>"; };
		9485E3512998089E00FCE2F6 /* LaunchesViewController.swift */ = {isa = PBXFileReference; lastKnownFileType = sourcecode.swift; path = LaunchesViewController.swift; sourceTree = "<group>"; };
		9485E35429980AC200FCE2F6 /* LaunchCollectionViewCell.swift */ = {isa = PBXFileReference; lastKnownFileType = sourcecode.swift; path = LaunchCollectionViewCell.swift; sourceTree = "<group>"; };
		9485E35629980BBB00FCE2F6 /* LaunchCellViewModel.swift */ = {isa = PBXFileReference; lastKnownFileType = sourcecode.swift; path = LaunchCellViewModel.swift; sourceTree = "<group>"; };
		9492692D2993BE740066E5E1 /* DI.swift */ = {isa = PBXFileReference; lastKnownFileType = sourcecode.swift; path = DI.swift; sourceTree = "<group>"; };
		949269302993BED30066E5E1 /* AppFactory.swift */ = {isa = PBXFileReference; lastKnownFileType = sourcecode.swift; path = AppFactory.swift; sourceTree = "<group>"; };
		949269322993BF0F0066E5E1 /* Coordinator.swift */ = {isa = PBXFileReference; lastKnownFileType = sourcecode.swift; path = Coordinator.swift; sourceTree = "<group>"; };
		949269342993BF5C0066E5E1 /* AssemblyBuilder.swift */ = {isa = PBXFileReference; lastKnownFileType = sourcecode.swift; path = AssemblyBuilder.swift; sourceTree = "<group>"; };
		949269362993C34B0066E5E1 /* Router.swift */ = {isa = PBXFileReference; lastKnownFileType = sourcecode.swift; path = Router.swift; sourceTree = "<group>"; };
		949269382993C3650066E5E1 /* Presentable.swift */ = {isa = PBXFileReference; lastKnownFileType = sourcecode.swift; path = Presentable.swift; sourceTree = "<group>"; };
		9492693B2993C3980066E5E1 /* Closure.swift */ = {isa = PBXFileReference; lastKnownFileType = sourcecode.swift; path = Closure.swift; sourceTree = "<group>"; };
		9492693D2993C4020066E5E1 /* RouterImpl.swift */ = {isa = PBXFileReference; lastKnownFileType = sourcecode.swift; path = RouterImpl.swift; sourceTree = "<group>"; };
		9492693F2993C4310066E5E1 /* BaseCoordinator.swift */ = {isa = PBXFileReference; lastKnownFileType = sourcecode.swift; path = BaseCoordinator.swift; sourceTree = "<group>"; };
		949269412993C4BF0066E5E1 /* CoordinatorsFactory.swift */ = {isa = PBXFileReference; lastKnownFileType = sourcecode.swift; path = CoordinatorsFactory.swift; sourceTree = "<group>"; };
		949269442993C5320066E5E1 /* ApplicationCoordinator.swift */ = {isa = PBXFileReference; lastKnownFileType = sourcecode.swift; path = ApplicationCoordinator.swift; sourceTree = "<group>"; };
		949269462993C5F90066E5E1 /* CoordinatorsFactoryImpl.swift */ = {isa = PBXFileReference; lastKnownFileType = sourcecode.swift; path = CoordinatorsFactoryImpl.swift; sourceTree = "<group>"; };
		9492694A2993CABB0066E5E1 /* RocketPagesPresenterImpl.swift */ = {isa = PBXFileReference; lastKnownFileType = sourcecode.swift; path = RocketPagesPresenterImpl.swift; sourceTree = "<group>"; };
		9492694C2993CADF0066E5E1 /* RocketPagesPresenter.swift */ = {isa = PBXFileReference; lastKnownFileType = sourcecode.swift; path = RocketPagesPresenter.swift; sourceTree = "<group>"; };
		9492694E2993CB630066E5E1 /* RocketPagesViewControllerProtocol.swift */ = {isa = PBXFileReference; lastKnownFileType = sourcecode.swift; path = RocketPagesViewControllerProtocol.swift; sourceTree = "<group>"; };
		949DFE042992599600BE27A7 /* UICollectionViewCell + Ext.swift */ = {isa = PBXFileReference; lastKnownFileType = sourcecode.swift; path = "UICollectionViewCell + Ext.swift"; sourceTree = "<group>"; };
		949DFE062992617200BE27A7 /* RocketInfoSection.swift */ = {isa = PBXFileReference; lastKnownFileType = sourcecode.swift; path = RocketInfoSection.swift; sourceTree = "<group>"; };
		949DFE092992791200BE27A7 /* RocketStageCollectionViewCell.swift */ = {isa = PBXFileReference; lastKnownFileType = sourcecode.swift; path = RocketStageCollectionViewCell.swift; sourceTree = "<group>"; };
		949DFE0C2992793700BE27A7 /* BaseCollectionViewCell.swift */ = {isa = PBXFileReference; lastKnownFileType = sourcecode.swift; path = BaseCollectionViewCell.swift; sourceTree = "<group>"; };
		949DFE0E29927D4A00BE27A7 /* RocketSpecificationCollectionViewCell.swift */ = {isa = PBXFileReference; lastKnownFileType = sourcecode.swift; path = RocketSpecificationCollectionViewCell.swift; sourceTree = "<group>"; };
		949DFE112992857D00BE27A7 /* CollectionViewHeaderReusableView.swift */ = {isa = PBXFileReference; lastKnownFileType = sourcecode.swift; path = CollectionViewHeaderReusableView.swift; sourceTree = "<group>"; };
		949DFE132992912100BE27A7 /* RocketInfoCollectionViewCell.swift */ = {isa = PBXFileReference; lastKnownFileType = sourcecode.swift; path = RocketInfoCollectionViewCell.swift; sourceTree = "<group>"; };
		94AAB7A5299932A40049C0E6 /* LoadingIndicatorManagementProtocol.swift */ = {isa = PBXFileReference; lastKnownFileType = sourcecode.swift; path = LoadingIndicatorManagementProtocol.swift; sourceTree = "<group>"; };
		94AAB7A7299934E50049C0E6 /* UIActivityIndicatorView + Ext.swift */ = {isa = PBXFileReference; lastKnownFileType = sourcecode.swift; path = "UIActivityIndicatorView + Ext.swift"; sourceTree = "<group>"; };
		94E6DC622992A1390088080C /* RockeHeaderView.swift */ = {isa = PBXFileReference; lastKnownFileType = sourcecode.swift; path = RockeHeaderView.swift; sourceTree = "<group>"; };
		94E6DC642992A1540088080C /* BaseView.swift */ = {isa = PBXFileReference; lastKnownFileType = sourcecode.swift; path = BaseView.swift; sourceTree = "<group>"; };
		94E6DC662992AE460088080C /* RocketHeaderCollectionViewCell.swift */ = {isa = PBXFileReference; lastKnownFileType = sourcecode.swift; path = RocketHeaderCollectionViewCell.swift; sourceTree = "<group>"; };
		94E6DC682992C1210088080C /* UIViewController + Ext.swift */ = {isa = PBXFileReference; lastKnownFileType = sourcecode.swift; path = "UIViewController + Ext.swift"; sourceTree = "<group>"; };
		94E6DC6C2992CA5C0088080C /* SettingsOptions.swift */ = {isa = PBXFileReference; lastKnownFileType = sourcecode.swift; path = SettingsOptions.swift; sourceTree = "<group>"; };
		94E6DC6E2992CC110088080C /* CaseIterable + Ext.swift */ = {isa = PBXFileReference; lastKnownFileType = sourcecode.swift; path = "CaseIterable + Ext.swift"; sourceTree = "<group>"; };
		94E6DC702992CCE00088080C /* SettingsButton.swift */ = {isa = PBXFileReference; lastKnownFileType = sourcecode.swift; path = SettingsButton.swift; sourceTree = "<group>"; };
		94E6DC732992D2B20088080C /* RocketHeaderCellViewModel.swift */ = {isa = PBXFileReference; lastKnownFileType = sourcecode.swift; path = RocketHeaderCellViewModel.swift; sourceTree = "<group>"; };
		94E6DC782992D3310088080C /* RocketSpecificationCellViewModel.swift */ = {isa = PBXFileReference; lastKnownFileType = sourcecode.swift; path = RocketSpecificationCellViewModel.swift; sourceTree = "<group>"; };
		94E6DC7A2992D3880088080C /* RocketInfoCellViewModel.swift */ = {isa = PBXFileReference; lastKnownFileType = sourcecode.swift; path = RocketInfoCellViewModel.swift; sourceTree = "<group>"; };
		94E6DC7C2992D3B00088080C /* RocketStageCellViewModel.swift */ = {isa = PBXFileReference; lastKnownFileType = sourcecode.swift; path = RocketStageCellViewModel.swift; sourceTree = "<group>"; };
		94E6DC7F2992DA450088080C /* RocketPagesViewController.swift */ = {isa = PBXFileReference; lastKnownFileType = sourcecode.swift; path = RocketPagesViewController.swift; sourceTree = "<group>"; };
		94E7042B2997961E00A9C684 /* AsyncImageView.swift */ = {isa = PBXFileReference; lastKnownFileType = sourcecode.swift; path = AsyncImageView.swift; sourceTree = "<group>"; };
		94E7042D29979B0D00A9C684 /* LaunchesButtonCollectionViewCell.swift */ = {isa = PBXFileReference; lastKnownFileType = sourcecode.swift; path = LaunchesButtonCollectionViewCell.swift; sourceTree = "<group>"; };
		94E7043029979ED200A9C684 /* CompositionalLayoutHelper.swift */ = {isa = PBXFileReference; lastKnownFileType = sourcecode.swift; path = CompositionalLayoutHelper.swift; sourceTree = "<group>"; };
		94E704352997B3A100A9C684 /* SettingsViewController.swift */ = {isa = PBXFileReference; lastKnownFileType = sourcecode.swift; path = SettingsViewController.swift; sourceTree = "<group>"; };
		94E704392997B54A00A9C684 /* SettingTableViewCell.swift */ = {isa = PBXFileReference; lastKnownFileType = sourcecode.swift; path = SettingTableViewCell.swift; sourceTree = "<group>"; };
		94E7043B2997B56F00A9C684 /* BaseTableViewCell.swift */ = {isa = PBXFileReference; lastKnownFileType = sourcecode.swift; path = BaseTableViewCell.swift; sourceTree = "<group>"; };
		94E7043D2997B7AF00A9C684 /* Unit.swift */ = {isa = PBXFileReference; lastKnownFileType = sourcecode.swift; path = Unit.swift; sourceTree = "<group>"; };
		94E704402997C0CF00A9C684 /* SettingsPresenter.swift */ = {isa = PBXFileReference; lastKnownFileType = sourcecode.swift; path = SettingsPresenter.swift; sourceTree = "<group>"; };
		94E704422997C74C00A9C684 /* SettingsPresenterImpl.swift */ = {isa = PBXFileReference; lastKnownFileType = sourcecode.swift; path = SettingsPresenterImpl.swift; sourceTree = "<group>"; };
		94E704442997C77200A9C684 /* SettingsViewControllerProtocol.swift */ = {isa = PBXFileReference; lastKnownFileType = sourcecode.swift; path = SettingsViewControllerProtocol.swift; sourceTree = "<group>"; };
		94E704462997C83300A9C684 /* SettingsCoordinatorImpl.swift */ = {isa = PBXFileReference; lastKnownFileType = sourcecode.swift; path = SettingsCoordinatorImpl.swift; sourceTree = "<group>"; };
		94E704482997C9A900A9C684 /* SettingsCoordinator.swift */ = {isa = PBXFileReference; lastKnownFileType = sourcecode.swift; path = SettingsCoordinator.swift; sourceTree = "<group>"; };
		94E7044A2997D24B00A9C684 /* Settings.swift */ = {isa = PBXFileReference; lastKnownFileType = sourcecode.swift; path = Settings.swift; sourceTree = "<group>"; };
		94E7044C2997D2A700A9C684 /* SettingsImpl.swift */ = {isa = PBXFileReference; lastKnownFileType = sourcecode.swift; path = SettingsImpl.swift; sourceTree = "<group>"; };
		94E7044E2997F37500A9C684 /* Notification.Name + Ext.swift */ = {isa = PBXFileReference; lastKnownFileType = sourcecode.swift; path = "Notification.Name + Ext.swift"; sourceTree = "<group>"; };
		94E704502997F7F900A9C684 /* Int + Ext.swift */ = {isa = PBXFileReference; lastKnownFileType = sourcecode.swift; path = "Int + Ext.swift"; sourceTree = "<group>"; };
/* End PBXFileReference section */

/* Begin PBXFrameworksBuildPhase section */
		943BF79C298FF24800B7F3C6 /* Frameworks */ = {
			isa = PBXFrameworksBuildPhase;
			buildActionMask = 2147483647;
			files = (
			);
			runOnlyForDeploymentPostprocessing = 0;
		};
/* End PBXFrameworksBuildPhase section */

/* Begin PBXGroup section */
		940EF8F829942264008D28AC /* Coordinator */ = {
			isa = PBXGroup;
			children = (
				9463C23F2996C0DB00143193 /* RocketPagesCoordinator.swift */,
				940EF8FB299425DA008D28AC /* RocketInfoCoordinator.swift */,
				94E704482997C9A900A9C684 /* SettingsCoordinator.swift */,
				94489DF22998DB8600AB6F59 /* LaunchesCoordinator.swift */,
			);
			path = Coordinator;
			sourceTree = "<group>";
		};
		94113AD62991547500D72AA4 /* UIKit + Ext */ = {
			isa = PBXGroup;
			children = (
				94113AD7299154A200D72AA4 /* UIView + Ext.swift */,
				94113AD4299153FB00D72AA4 /* UITableViewCell + Ext.swift */,
				949DFE042992599600BE27A7 /* UICollectionViewCell + Ext.swift */,
				94E6DC682992C1210088080C /* UIViewController + Ext.swift */,
				94E704502997F7F900A9C684 /* Int + Ext.swift */,
				94AAB7A7299934E50049C0E6 /* UIActivityIndicatorView + Ext.swift */,
			);
			path = "UIKit + Ext";
			sourceTree = "<group>";
		};
		94113ADD2991574E00D72AA4 /* Base */ = {
			isa = PBXGroup;
			children = (
				949DFE0B2992792A00BE27A7 /* View */,
				94113ADE2991575500D72AA4 /* Controller */,
			);
			path = Base;
			sourceTree = "<group>";
		};
		94113ADE2991575500D72AA4 /* Controller */ = {
			isa = PBXGroup;
			children = (
				94113ADF2991576A00D72AA4 /* BaseViewController.swift */,
			);
			path = Controller;
			sourceTree = "<group>";
		};
		94113AE329915A0000D72AA4 /* Presenter */ = {
			isa = PBXGroup;
			children = (
				94113AE1299159F100D72AA4 /* RocketInfoPresenterImpl.swift */,
				94113AE429915A4700D72AA4 /* RocketInfoPresenter.swift */,
			);
			path = Presenter;
			sourceTree = "<group>";
		};
		94113AE629915AE200D72AA4 /* View */ = {
			isa = PBXGroup;
			children = (
				94E6DC602992A04D0088080C /* CollectionView */,
				943BF7A6298FF24800B7F3C6 /* RocketInfoViewController.swift */,
				94113AE829915B5200D72AA4 /* RocketViewControllerProtocol.swift */,
			);
			name = View;
			sourceTree = "<group>";
		};
		94113AE729915AF300D72AA4 /* RocketInfo */ = {
			isa = PBXGroup;
			children = (
				94113AE629915AE200D72AA4 /* View */,
				94113AE329915A0000D72AA4 /* Presenter */,
			);
			name = RocketInfo;
			path = View;
			sourceTree = "<group>";
		};
		94113AEC29916AD000D72AA4 /* CoreEntitiy */ = {
			isa = PBXGroup;
			children = (
				9492692D2993BE740066E5E1 /* DI.swift */,
				949269462993C5F90066E5E1 /* CoordinatorsFactoryImpl.swift */,
				94113AED29916AE500D72AA4 /* AssemblyuBuilderImpl.swift */,
				9492693D2993C4020066E5E1 /* RouterImpl.swift */,
				9492693F2993C4310066E5E1 /* BaseCoordinator.swift */,
			);
			path = CoreEntitiy;
			sourceTree = "<group>";
		};
		943BF796298FF24800B7F3C6 = {
			isa = PBXGroup;
			children = (
				943BF7A1298FF24800B7F3C6 /* Kontur-TestTask */,
				943BF7A0298FF24800B7F3C6 /* Products */,
			);
			sourceTree = "<group>";
		};
		943BF7A0298FF24800B7F3C6 /* Products */ = {
			isa = PBXGroup;
			children = (
				943BF79F298FF24800B7F3C6 /* Kontur-TestTask.app */,
			);
			name = Products;
			sourceTree = "<group>";
		};
		943BF7A1298FF24800B7F3C6 /* Kontur-TestTask */ = {
			isa = PBXGroup;
			children = (
				943BF7B7298FF35300B7F3C6 /* Application */,
				943BF7B6298FF34900B7F3C6 /* Supporting */,
			);
			path = "Kontur-TestTask";
			sourceTree = "<group>";
		};
		943BF7B6298FF34900B7F3C6 /* Supporting */ = {
			isa = PBXGroup;
			children = (
				943BF7B9298FF36B00B7F3C6 /* Resource */,
				943BF7AD298FF24900B7F3C6 /* LaunchScreen.storyboard */,
				943BF7B0298FF24900B7F3C6 /* Info.plist */,
			);
			path = Supporting;
			sourceTree = "<group>";
		};
		943BF7B7298FF35300B7F3C6 /* Application */ = {
			isa = PBXGroup;
			children = (
				943BF7B8298FF35F00B7F3C6 /* AppFIle */,
				94113AEC29916AD000D72AA4 /* CoreEntitiy */,
				943BF7BC298FF3F900B7F3C6 /* Service */,
				943BF7C4298FF48E00B7F3C6 /* Model */,
				943BF7BB298FF3F200B7F3C6 /* UI */,
				943BF7BF298FF42700B7F3C6 /* Helper */,
			);
			path = Application;
			sourceTree = "<group>";
		};
		943BF7B8298FF35F00B7F3C6 /* AppFIle */ = {
			isa = PBXGroup;
			children = (
				943BF7A2298FF24800B7F3C6 /* AppDelegate.swift */,
				943BF7A4298FF24800B7F3C6 /* SceneDelegate.swift */,
			);
			path = AppFIle;
			sourceTree = "<group>";
		};
		943BF7B9298FF36B00B7F3C6 /* Resource */ = {
			isa = PBXGroup;
			children = (
				943BF7AB298FF24900B7F3C6 /* Assets.xcassets */,
			);
			path = Resource;
			sourceTree = "<group>";
		};
		943BF7BA298FF3E800B7F3C6 /* Module */ = {
			isa = PBXGroup;
			children = (
				94E6DC7E2992DA240088080C /* RocketPages */,
				94113AE729915AF300D72AA4 /* RocketInfo */,
				9485E34E2998087900FCE2F6 /* Launches */,
				94E704342997B38D00A9C684 /* Settings */,
			);
			path = Module;
			sourceTree = "<group>";
		};
		943BF7BB298FF3F200B7F3C6 /* UI */ = {
			isa = PBXGroup;
			children = (
				94113ADD2991574E00D72AA4 /* Base */,
				949269432993C50D0066E5E1 /* Coordinator */,
				943BF7BA298FF3E800B7F3C6 /* Module */,
			);
			path = UI;
			sourceTree = "<group>";
		};
		943BF7BC298FF3F900B7F3C6 /* Service */ = {
			isa = PBXGroup;
			children = (
				943BF7EF2990037800B7F3C6 /* RocketAPIServiceImpl.swift */,
				943BF80729902CC500B7F3C6 /* URLBuilderImpl.swift */,
				940EF8F629941836008D28AC /* DataDecoderImpl.swift */,
				94E7043029979ED200A9C684 /* CompositionalLayoutHelper.swift */,
				94E7044C2997D2A700A9C684 /* SettingsImpl.swift */,
			);
			path = Service;
			sourceTree = "<group>";
		};
		943BF7BD298FF40600B7F3C6 /* Protocol */ = {
			isa = PBXGroup;
			children = (
				940EF8F829942264008D28AC /* Coordinator */,
				9492692F2993BE8A0066E5E1 /* Core */,
				943BF7C0298FF44E00B7F3C6 /* Service */,
				94113ADB2991555500D72AA4 /* BaseViewSetup.swift */,
				94113AEA2991699100D72AA4 /* PresentableView.swift */,
				94E7043D2997B7AF00A9C684 /* Unit.swift */,
				94AAB7A5299932A40049C0E6 /* LoadingIndicatorManagementProtocol.swift */,
			);
			path = Protocol;
			sourceTree = "<group>";
		};
		943BF7BE298FF41700B7F3C6 /* Extension */ = {
			isa = PBXGroup;
			children = (
				94113AD62991547500D72AA4 /* UIKit + Ext */,
				94E6DC6E2992CC110088080C /* CaseIterable + Ext.swift */,
				9463C2352996B60400143193 /* Date + Ext.swift */,
				9463C2372996B61C00143193 /* DateFormatter + Ext.swift */,
				9463C2392996B6E000143193 /* String + Ext.swift */,
				94E7044E2997F37500A9C684 /* Notification.Name + Ext.swift */,
			);
			path = Extension;
			sourceTree = "<group>";
		};
		943BF7BF298FF42700B7F3C6 /* Helper */ = {
			isa = PBXGroup;
			children = (
				9492693A2993C37B0066E5E1 /* Typealias */,
				943BF7C1298FF45600B7F3C6 /* Enum */,
				943BF7BD298FF40600B7F3C6 /* Protocol */,
				943BF7BE298FF41700B7F3C6 /* Extension */,
			);
			path = Helper;
			sourceTree = "<group>";
		};
		943BF7C0298FF44E00B7F3C6 /* Service */ = {
			isa = PBXGroup;
			children = (
				943BF7C2298FF47700B7F3C6 /* RocketAPIService.swift */,
				943BF80529902A0300B7F3C6 /* URLBuilder.swift */,
				940EF8F4299417A6008D28AC /* DataDecoder.swift */,
				94E7044A2997D24B00A9C684 /* Settings.swift */,
			);
			path = Service;
			sourceTree = "<group>";
		};
		943BF7C1298FF45600B7F3C6 /* Enum */ = {
			isa = PBXGroup;
			children = (
				9463C2432996D75D00143193 /* Unit */,
				943BF7F12990046E00B7F3C6 /* HttpError.swift */,
				949DFE062992617200BE27A7 /* RocketInfoSection.swift */,
				94E6DC6C2992CA5C0088080C /* SettingsOptions.swift */,
			);
			path = Enum;
			sourceTree = "<group>";
		};
		943BF7C4298FF48E00B7F3C6 /* Model */ = {
			isa = PBXGroup;
			children = (
				943BF7C7298FF76F00B7F3C6 /* Rocket */,
				943BF7DE298FF91100B7F3C6 /* RocketLaunch */,
			);
			path = Model;
			sourceTree = "<group>";
		};
		943BF7C7298FF76F00B7F3C6 /* Rocket */ = {
			isa = PBXGroup;
			children = (
				943BF7C5298FF4E500B7F3C6 /* Rocket.swift */,
				943BF7DA298FF88300B7F3C6 /* Engines.swift */,
				943BF7CA298FF7A600B7F3C6 /* Diameter.swift */,
				943BF7C8298FF77700B7F3C6 /* ISP.swift */,
				943BF7CC298FF7BC00B7F3C6 /* Thrust.swift */,
				943BF7CE298FF7F000B7F3C6 /* FirstStage.swift */,
				943BF7D0298FF80900B7F3C6 /* SecondStage.swift */,
				943BF7D2298FF82300B7F3C6 /* LandingLegs.swift */,
				943BF7D4298FF83200B7F3C6 /* Mass.swift */,
				943BF7D6298FF84A00B7F3C6 /* PayloadWeight.swift */,
				943BF7D8298FF86700B7F3C6 /* Payloads.swift */,
				943BF7DC298FF8A000B7F3C6 /* CompositeFairing.swift */,
			);
			path = Rocket;
			sourceTree = "<group>";
		};
		943BF7DE298FF91100B7F3C6 /* RocketLaunch */ = {
			isa = PBXGroup;
			children = (
				943BF7F829900B3900B7F3C6 /* RocketLaunch.swift */,
				943BF7F529900B3900B7F3C6 /* Core.swift */,
				943BF7FB29900B3900B7F3C6 /* Failure.swift */,
				943BF7F729900B3900B7F3C6 /* Fairings.swift */,
				943BF7FA29900B3900B7F3C6 /* Flickr.swift */,
				943BF7F929900B3900B7F3C6 /* Links.swift */,
				943BF7F629900B3900B7F3C6 /* Patch.swift */,
				943BF7FC29900B3900B7F3C6 /* Reddit.swift */,
			);
			path = RocketLaunch;
			sourceTree = "<group>";
		};
		9463C2432996D75D00143193 /* Unit */ = {
			isa = PBXGroup;
			children = (
				9463C2442996D77300143193 /* LenghtUnit.swift */,
				9463C2462996D78700143193 /* WeightUnit.swift */,
				9463C2482996D79000143193 /* TimeUnit.swift */,
			);
			path = Unit;
			sourceTree = "<group>";
		};
		9485E34E2998087900FCE2F6 /* Launches */ = {
			isa = PBXGroup;
			children = (
				9485E34F2998088600FCE2F6 /* View */,
				9485E3502998088D00FCE2F6 /* Presenter */,
			);
			path = Launches;
			sourceTree = "<group>";
		};
		9485E34F2998088600FCE2F6 /* View */ = {
			isa = PBXGroup;
			children = (
				9485E35329980AAD00FCE2F6 /* CollectionViewCell */,
				9485E3512998089E00FCE2F6 /* LaunchesViewController.swift */,
				94489DFA2998DD2800AB6F59 /* LaunchesViewControllerProtocol.swift */,
			);
			path = View;
			sourceTree = "<group>";
		};
		9485E3502998088D00FCE2F6 /* Presenter */ = {
			isa = PBXGroup;
			children = (
				94489DF82998DCB800AB6F59 /* LaunchesPresenterImpl.swift */,
				94489DF62998DC9500AB6F59 /* LaunchesPresenter.swift */,
			);
			path = Presenter;
			sourceTree = "<group>";
		};
		9485E35329980AAD00FCE2F6 /* CollectionViewCell */ = {
			isa = PBXGroup;
			children = (
				9485E35429980AC200FCE2F6 /* LaunchCollectionViewCell.swift */,
				9485E35629980BBB00FCE2F6 /* LaunchCellViewModel.swift */,
			);
			path = CollectionViewCell;
			sourceTree = "<group>";
		};
		9492692F2993BE8A0066E5E1 /* Core */ = {
			isa = PBXGroup;
			children = (
				949269302993BED30066E5E1 /* AppFactory.swift */,
				949269322993BF0F0066E5E1 /* Coordinator.swift */,
				949269342993BF5C0066E5E1 /* AssemblyBuilder.swift */,
				949269362993C34B0066E5E1 /* Router.swift */,
				949269382993C3650066E5E1 /* Presentable.swift */,
				949269412993C4BF0066E5E1 /* CoordinatorsFactory.swift */,
			);
			path = Core;
			sourceTree = "<group>";
		};
		9492693A2993C37B0066E5E1 /* Typealias */ = {
			isa = PBXGroup;
			children = (
				9492693B2993C3980066E5E1 /* Closure.swift */,
			);
			path = Typealias;
			sourceTree = "<group>";
		};
		949269432993C50D0066E5E1 /* Coordinator */ = {
			isa = PBXGroup;
			children = (
				949269442993C5320066E5E1 /* ApplicationCoordinator.swift */,
				9463C23D2996BEFA00143193 /* RocketPagesCoordinatorImpl.swift */,
				940EF8FD29942617008D28AC /* RocketInfoCoordinatorImpl.swift */,
				94E704462997C83300A9C684 /* SettingsCoordinatorImpl.swift */,
				94489DF42998DBD100AB6F59 /* LaunchesCoordinatorImpl.swift */,
			);
			path = Coordinator;
			sourceTree = "<group>";
		};
		949269482993CA6F0066E5E1 /* View */ = {
			isa = PBXGroup;
			children = (
				94E6DC7F2992DA450088080C /* RocketPagesViewController.swift */,
				9492694E2993CB630066E5E1 /* RocketPagesViewControllerProtocol.swift */,
			);
			path = View;
			sourceTree = "<group>";
		};
		949269492993CAA40066E5E1 /* Presenter */ = {
			isa = PBXGroup;
			children = (
				9492694A2993CABB0066E5E1 /* RocketPagesPresenterImpl.swift */,
				9492694C2993CADF0066E5E1 /* RocketPagesPresenter.swift */,
			);
			path = Presenter;
			sourceTree = "<group>";
		};
		949DFE08299278E100BE27A7 /* CollectionViewCell */ = {
			isa = PBXGroup;
			children = (
				94E6DC722992D2940088080C /* RocketImageCell */,
				94E6DC752992D2CD0088080C /* RocketSpecificationCell */,
				94E6DC762992D2ED0088080C /* RocketInfoCell */,
				94E6DC772992D3030088080C /* RocketStageCell */,
				94E7042F29979B1000A9C684 /* LaunchesButtonCell */,
			);
			name = CollectionViewCell;
			sourceTree = "<group>";
		};
		949DFE0B2992792A00BE27A7 /* View */ = {
			isa = PBXGroup;
			children = (
				949DFE0C2992793700BE27A7 /* BaseCollectionViewCell.swift */,
				94E6DC642992A1540088080C /* BaseView.swift */,
				94E6DC702992CCE00088080C /* SettingsButton.swift */,
				94E7042B2997961E00A9C684 /* AsyncImageView.swift */,
				94E7043B2997B56F00A9C684 /* BaseTableViewCell.swift */,
			);
			path = View;
			sourceTree = "<group>";
		};
		94E6DC602992A04D0088080C /* CollectionView */ = {
			isa = PBXGroup;
			children = (
				949DFE112992857D00BE27A7 /* CollectionViewHeaderReusableView.swift */,
				94E6DC622992A1390088080C /* RockeHeaderView.swift */,
				949DFE08299278E100BE27A7 /* CollectionViewCell */,
			);
			name = CollectionView;
			sourceTree = "<group>";
		};
		94E6DC722992D2940088080C /* RocketImageCell */ = {
			isa = PBXGroup;
			children = (
				94E6DC662992AE460088080C /* RocketHeaderCollectionViewCell.swift */,
				94E6DC732992D2B20088080C /* RocketHeaderCellViewModel.swift */,
			);
			name = RocketImageCell;
			sourceTree = "<group>";
		};
		94E6DC752992D2CD0088080C /* RocketSpecificationCell */ = {
			isa = PBXGroup;
			children = (
				949DFE0E29927D4A00BE27A7 /* RocketSpecificationCollectionViewCell.swift */,
				94E6DC782992D3310088080C /* RocketSpecificationCellViewModel.swift */,
			);
			name = RocketSpecificationCell;
			sourceTree = "<group>";
		};
		94E6DC762992D2ED0088080C /* RocketInfoCell */ = {
			isa = PBXGroup;
			children = (
				949DFE132992912100BE27A7 /* RocketInfoCollectionViewCell.swift */,
				94E6DC7A2992D3880088080C /* RocketInfoCellViewModel.swift */,
			);
			name = RocketInfoCell;
			sourceTree = "<group>";
		};
		94E6DC772992D3030088080C /* RocketStageCell */ = {
			isa = PBXGroup;
			children = (
				949DFE092992791200BE27A7 /* RocketStageCollectionViewCell.swift */,
				94E6DC7C2992D3B00088080C /* RocketStageCellViewModel.swift */,
			);
			name = RocketStageCell;
			sourceTree = "<group>";
		};
		94E6DC7E2992DA240088080C /* RocketPages */ = {
			isa = PBXGroup;
			children = (
				949269482993CA6F0066E5E1 /* View */,
				949269492993CAA40066E5E1 /* Presenter */,
			);
			path = RocketPages;
			sourceTree = "<group>";
		};
		94E7042F29979B1000A9C684 /* LaunchesButtonCell */ = {
			isa = PBXGroup;
			children = (
				94E7042D29979B0D00A9C684 /* LaunchesButtonCollectionViewCell.swift */,
			);
			name = LaunchesButtonCell;
			sourceTree = "<group>";
		};
		94E704342997B38D00A9C684 /* Settings */ = {
			isa = PBXGroup;
			children = (
				94E704372997B53800A9C684 /* View */,
				94E7043F2997C0AC00A9C684 /* Presenter */,
			);
			path = Settings;
			sourceTree = "<group>";
		};
		94E704372997B53800A9C684 /* View */ = {
			isa = PBXGroup;
			children = (
				94E704382997B53D00A9C684 /* TableViewCell */,
				94E704352997B3A100A9C684 /* SettingsViewController.swift */,
				94E704442997C77200A9C684 /* SettingsViewControllerProtocol.swift */,
			);
			path = View;
			sourceTree = "<group>";
		};
		94E704382997B53D00A9C684 /* TableViewCell */ = {
			isa = PBXGroup;
			children = (
				94E704392997B54A00A9C684 /* SettingTableViewCell.swift */,
			);
			path = TableViewCell;
			sourceTree = "<group>";
		};
		94E7043F2997C0AC00A9C684 /* Presenter */ = {
			isa = PBXGroup;
			children = (
				94E704422997C74C00A9C684 /* SettingsPresenterImpl.swift */,
				94E704402997C0CF00A9C684 /* SettingsPresenter.swift */,
			);
			path = Presenter;
			sourceTree = "<group>";
		};
/* End PBXGroup section */

/* Begin PBXNativeTarget section */
		943BF79E298FF24800B7F3C6 /* Kontur-TestTask */ = {
			isa = PBXNativeTarget;
			buildConfigurationList = 943BF7B3298FF24900B7F3C6 /* Build configuration list for PBXNativeTarget "Kontur-TestTask" */;
			buildPhases = (
				943BF79B298FF24800B7F3C6 /* Sources */,
				943BF79C298FF24800B7F3C6 /* Frameworks */,
				943BF79D298FF24800B7F3C6 /* Resources */,
			);
			buildRules = (
			);
			dependencies = (
			);
			name = "Kontur-TestTask";
			productName = "Kontur-TestTask";
			productReference = 943BF79F298FF24800B7F3C6 /* Kontur-TestTask.app */;
			productType = "com.apple.product-type.application";
		};
/* End PBXNativeTarget section */

/* Begin PBXProject section */
		943BF797298FF24800B7F3C6 /* Project object */ = {
			isa = PBXProject;
			attributes = {
				BuildIndependentTargetsInParallel = 1;
				LastSwiftUpdateCheck = 1420;
				LastUpgradeCheck = 1420;
				TargetAttributes = {
					943BF79E298FF24800B7F3C6 = {
						CreatedOnToolsVersion = 14.2;
					};
				};
			};
			buildConfigurationList = 943BF79A298FF24800B7F3C6 /* Build configuration list for PBXProject "Kontur-TestTask" */;
			compatibilityVersion = "Xcode 14.0";
			developmentRegion = en;
			hasScannedForEncodings = 0;
			knownRegions = (
				en,
				Base,
			);
			mainGroup = 943BF796298FF24800B7F3C6;
			productRefGroup = 943BF7A0298FF24800B7F3C6 /* Products */;
			projectDirPath = "";
			projectRoot = "";
			targets = (
				943BF79E298FF24800B7F3C6 /* Kontur-TestTask */,
			);
		};
/* End PBXProject section */

/* Begin PBXResourcesBuildPhase section */
		943BF79D298FF24800B7F3C6 /* Resources */ = {
			isa = PBXResourcesBuildPhase;
			buildActionMask = 2147483647;
			files = (
				943BF7AF298FF24900B7F3C6 /* LaunchScreen.storyboard in Resources */,
				943BF7AC298FF24900B7F3C6 /* Assets.xcassets in Resources */,
			);
			runOnlyForDeploymentPostprocessing = 0;
		};
/* End PBXResourcesBuildPhase section */

/* Begin PBXSourcesBuildPhase section */
		943BF79B298FF24800B7F3C6 /* Sources */ = {
			isa = PBXSourcesBuildPhase;
			buildActionMask = 2147483647;
			files = (
				943BF80329900B3900B7F3C6 /* Failure.swift in Sources */,
				94AAB7A8299934E50049C0E6 /* UIActivityIndicatorView + Ext.swift in Sources */,
				94113ADC2991555500D72AA4 /* BaseViewSetup.swift in Sources */,
				943BF7C3298FF47700B7F3C6 /* RocketAPIService.swift in Sources */,
				940EF8F5299417A6008D28AC /* DataDecoder.swift in Sources */,
				94113AD5299153FB00D72AA4 /* UITableViewCell + Ext.swift in Sources */,
				949DFE0D2992793700BE27A7 /* BaseCollectionViewCell.swift in Sources */,
				9492693C2993C3980066E5E1 /* Closure.swift in Sources */,
				943BF7CD298FF7BC00B7F3C6 /* Thrust.swift in Sources */,
				94E6DC802992DA450088080C /* RocketPagesViewController.swift in Sources */,
				943BF7D1298FF80900B7F3C6 /* SecondStage.swift in Sources */,
				943BF7D7298FF84A00B7F3C6 /* PayloadWeight.swift in Sources */,
				9485E35729980BBB00FCE2F6 /* LaunchCellViewModel.swift in Sources */,
				943BF80029900B3900B7F3C6 /* RocketLaunch.swift in Sources */,
				9463C2492996D79000143193 /* TimeUnit.swift in Sources */,
				943BF7FD29900B3900B7F3C6 /* Core.swift in Sources */,
				943BF7DD298FF8A000B7F3C6 /* CompositeFairing.swift in Sources */,
				94113AE2299159F100D72AA4 /* RocketInfoPresenterImpl.swift in Sources */,
				9485E35529980AC200FCE2F6 /* LaunchCollectionViewCell.swift in Sources */,
				94113AEE29916AE500D72AA4 /* AssemblyuBuilderImpl.swift in Sources */,
				9463C2472996D78700143193 /* WeightUnit.swift in Sources */,
				9492694D2993CADF0066E5E1 /* RocketPagesPresenter.swift in Sources */,
				949269422993C4BF0066E5E1 /* CoordinatorsFactory.swift in Sources */,
				94E704412997C0CF00A9C684 /* SettingsPresenter.swift in Sources */,
				943BF7FE29900B3900B7F3C6 /* Patch.swift in Sources */,
				94489DFB2998DD2800AB6F59 /* LaunchesViewControllerProtocol.swift in Sources */,
				94113AEB2991699100D72AA4 /* PresentableView.swift in Sources */,
				94E7043A2997B54A00A9C684 /* SettingTableViewCell.swift in Sources */,
				949DFE0A2992791200BE27A7 /* RocketStageCollectionViewCell.swift in Sources */,
				94E704362997B3A100A9C684 /* SettingsViewController.swift in Sources */,
				94E6DC692992C1210088080C /* UIViewController + Ext.swift in Sources */,
				9463C2382996B61C00143193 /* DateFormatter + Ext.swift in Sources */,
				949DFE142992912100BE27A7 /* RocketInfoCollectionViewCell.swift in Sources */,
				943BF80129900B3900B7F3C6 /* Links.swift in Sources */,
				943BF7D9298FF86700B7F3C6 /* Payloads.swift in Sources */,
				94E7042C2997961E00A9C684 /* AsyncImageView.swift in Sources */,
				94E6DC652992A1540088080C /* BaseView.swift in Sources */,
				940EF8FC299425DA008D28AC /* RocketInfoCoordinator.swift in Sources */,
				949DFE0F29927D4A00BE27A7 /* RocketSpecificationCollectionViewCell.swift in Sources */,
				94E7044D2997D2A700A9C684 /* SettingsImpl.swift in Sources */,
				94113AE02991576A00D72AA4 /* BaseViewController.swift in Sources */,
				9485E3522998089E00FCE2F6 /* LaunchesViewController.swift in Sources */,
				949DFE072992617200BE27A7 /* RocketInfoSection.swift in Sources */,
				943BF80229900B3900B7F3C6 /* Flickr.swift in Sources */,
				9463C23A2996B6E000143193 /* String + Ext.swift in Sources */,
				9463C2362996B60400143193 /* Date + Ext.swift in Sources */,
				94AAB7A6299932A40049C0E6 /* LoadingIndicatorManagementProtocol.swift in Sources */,
				94E6DC712992CCE00088080C /* SettingsButton.swift in Sources */,
				943BF7FF29900B3900B7F3C6 /* Fairings.swift in Sources */,
				94113AD8299154A200D72AA4 /* UIView + Ext.swift in Sources */,
				9463C2452996D77300143193 /* LenghtUnit.swift in Sources */,
				943BF7CB298FF7A600B7F3C6 /* Diameter.swift in Sources */,
				949269472993C5F90066E5E1 /* CoordinatorsFactoryImpl.swift in Sources */,
				94489DF72998DC9500AB6F59 /* LaunchesPresenter.swift in Sources */,
				94E7042E29979B0D00A9C684 /* LaunchesButtonCollectionViewCell.swift in Sources */,
				9492694B2993CABB0066E5E1 /* RocketPagesPresenterImpl.swift in Sources */,
				949269402993C4310066E5E1 /* BaseCoordinator.swift in Sources */,
				943BF7DB298FF88300B7F3C6 /* Engines.swift in Sources */,
				94489DF32998DB8600AB6F59 /* LaunchesCoordinator.swift in Sources */,
				94E704492997C9A900A9C684 /* SettingsCoordinator.swift in Sources */,
				9492693E2993C4020066E5E1 /* RouterImpl.swift in Sources */,
				943BF80829902CC500B7F3C6 /* URLBuilderImpl.swift in Sources */,
				949269332993BF0F0066E5E1 /* Coordinator.swift in Sources */,
				9492692E2993BE740066E5E1 /* DI.swift in Sources */,
				943BF7A7298FF24800B7F3C6 /* RocketInfoViewController.swift in Sources */,
				949269372993C34B0066E5E1 /* Router.swift in Sources */,
				94E6DC7D2992D3B00088080C /* RocketStageCellViewModel.swift in Sources */,
				943BF7D5298FF83200B7F3C6 /* Mass.swift in Sources */,
				94E704452997C77200A9C684 /* SettingsViewControllerProtocol.swift in Sources */,
				94489DF52998DBD100AB6F59 /* LaunchesCoordinatorImpl.swift in Sources */,
				940EF8FE29942617008D28AC /* RocketInfoCoordinatorImpl.swift in Sources */,
				943BF7F02990037800B7F3C6 /* RocketAPIServiceImpl.swift in Sources */,
				9463C23E2996BEFA00143193 /* RocketPagesCoordinatorImpl.swift in Sources */,
				949DFE052992599600BE27A7 /* UICollectionViewCell + Ext.swift in Sources */,
				94E6DC7B2992D3880088080C /* RocketInfoCellViewModel.swift in Sources */,
				94E704512997F7F900A9C684 /* Int + Ext.swift in Sources */,
				94489DF92998DCB800AB6F59 /* LaunchesPresenterImpl.swift in Sources */,
				949269352993BF5C0066E5E1 /* AssemblyBuilder.swift in Sources */,
				94E7044F2997F37500A9C684 /* Notification.Name + Ext.swift in Sources */,
				94E704472997C83300A9C684 /* SettingsCoordinatorImpl.swift in Sources */,
				943BF7F22990046E00B7F3C6 /* HttpError.swift in Sources */,
				943BF7D3298FF82300B7F3C6 /* LandingLegs.swift in Sources */,
				949DFE122992857D00BE27A7 /* CollectionViewHeaderReusableView.swift in Sources */,
				943BF80629902A0300B7F3C6 /* URLBuilder.swift in Sources */,
				949269452993C5320066E5E1 /* ApplicationCoordinator.swift in Sources */,
				94E6DC6D2992CA5C0088080C /* SettingsOptions.swift in Sources */,
				949269312993BED30066E5E1 /* AppFactory.swift in Sources */,
				94E6DC6F2992CC110088080C /* CaseIterable + Ext.swift in Sources */,
				94E7043129979ED200A9C684 /* CompositionalLayoutHelper.swift in Sources */,
				94113AE529915A4700D72AA4 /* RocketInfoPresenter.swift in Sources */,
				9492694F2993CB630066E5E1 /* RocketPagesViewControllerProtocol.swift in Sources */,
				943BF7A3298FF24800B7F3C6 /* AppDelegate.swift in Sources */,
				94E7043E2997B7AF00A9C684 /* Unit.swift in Sources */,
				94E704432997C74C00A9C684 /* SettingsPresenterImpl.swift in Sources */,
				943BF7C6298FF4E500B7F3C6 /* Rocket.swift in Sources */,
				94E6DC672992AE460088080C /* RocketHeaderCollectionViewCell.swift in Sources */,
				943BF7C9298FF77700B7F3C6 /* ISP.swift in Sources */,
				943BF80429900B3900B7F3C6 /* Reddit.swift in Sources */,
				940EF8F729941836008D28AC /* DataDecoderImpl.swift in Sources */,
				943BF7CF298FF7F000B7F3C6 /* FirstStage.swift in Sources */,
				9463C2402996C0DB00143193 /* RocketPagesCoordinator.swift in Sources */,
				943BF7A5298FF24800B7F3C6 /* SceneDelegate.swift in Sources */,
				94E7043C2997B56F00A9C684 /* BaseTableViewCell.swift in Sources */,
				94E7044B2997D24B00A9C684 /* Settings.swift in Sources */,
				94E6DC742992D2B20088080C /* RocketHeaderCellViewModel.swift in Sources */,
				94E6DC632992A1390088080C /* RockeHeaderView.swift in Sources */,
				94E6DC792992D3310088080C /* RocketSpecificationCellViewModel.swift in Sources */,
				94113AE929915B5200D72AA4 /* RocketViewControllerProtocol.swift in Sources */,
				949269392993C3650066E5E1 /* Presentable.swift in Sources */,
			);
			runOnlyForDeploymentPostprocessing = 0;
		};
/* End PBXSourcesBuildPhase section */

/* Begin PBXVariantGroup section */
		943BF7AD298FF24900B7F3C6 /* LaunchScreen.storyboard */ = {
			isa = PBXVariantGroup;
			children = (
				943BF7AE298FF24900B7F3C6 /* Base */,
			);
			name = LaunchScreen.storyboard;
			sourceTree = "<group>";
		};
/* End PBXVariantGroup section */

/* Begin XCBuildConfiguration section */
		943BF7B1298FF24900B7F3C6 /* Debug */ = {
			isa = XCBuildConfiguration;
			buildSettings = {
				ALWAYS_SEARCH_USER_PATHS = NO;
				CLANG_ANALYZER_NONNULL = YES;
				CLANG_ANALYZER_NUMBER_OBJECT_CONVERSION = YES_AGGRESSIVE;
				CLANG_CXX_LANGUAGE_STANDARD = "gnu++20";
				CLANG_ENABLE_MODULES = YES;
				CLANG_ENABLE_OBJC_ARC = YES;
				CLANG_ENABLE_OBJC_WEAK = YES;
				CLANG_WARN_BLOCK_CAPTURE_AUTORELEASING = YES;
				CLANG_WARN_BOOL_CONVERSION = YES;
				CLANG_WARN_COMMA = YES;
				CLANG_WARN_CONSTANT_CONVERSION = YES;
				CLANG_WARN_DEPRECATED_OBJC_IMPLEMENTATIONS = YES;
				CLANG_WARN_DIRECT_OBJC_ISA_USAGE = YES_ERROR;
				CLANG_WARN_DOCUMENTATION_COMMENTS = YES;
				CLANG_WARN_EMPTY_BODY = YES;
				CLANG_WARN_ENUM_CONVERSION = YES;
				CLANG_WARN_INFINITE_RECURSION = YES;
				CLANG_WARN_INT_CONVERSION = YES;
				CLANG_WARN_NON_LITERAL_NULL_CONVERSION = YES;
				CLANG_WARN_OBJC_IMPLICIT_RETAIN_SELF = YES;
				CLANG_WARN_OBJC_LITERAL_CONVERSION = YES;
				CLANG_WARN_OBJC_ROOT_CLASS = YES_ERROR;
				CLANG_WARN_QUOTED_INCLUDE_IN_FRAMEWORK_HEADER = YES;
				CLANG_WARN_RANGE_LOOP_ANALYSIS = YES;
				CLANG_WARN_STRICT_PROTOTYPES = YES;
				CLANG_WARN_SUSPICIOUS_MOVE = YES;
				CLANG_WARN_UNGUARDED_AVAILABILITY = YES_AGGRESSIVE;
				CLANG_WARN_UNREACHABLE_CODE = YES;
				CLANG_WARN__DUPLICATE_METHOD_MATCH = YES;
				COPY_PHASE_STRIP = NO;
				DEBUG_INFORMATION_FORMAT = dwarf;
				ENABLE_STRICT_OBJC_MSGSEND = YES;
				ENABLE_TESTABILITY = YES;
				GCC_C_LANGUAGE_STANDARD = gnu11;
				GCC_DYNAMIC_NO_PIC = NO;
				GCC_NO_COMMON_BLOCKS = YES;
				GCC_OPTIMIZATION_LEVEL = 0;
				GCC_PREPROCESSOR_DEFINITIONS = (
					"DEBUG=1",
					"$(inherited)",
				);
				GCC_WARN_64_TO_32_BIT_CONVERSION = YES;
				GCC_WARN_ABOUT_RETURN_TYPE = YES_ERROR;
				GCC_WARN_UNDECLARED_SELECTOR = YES;
				GCC_WARN_UNINITIALIZED_AUTOS = YES_AGGRESSIVE;
				GCC_WARN_UNUSED_FUNCTION = YES;
				GCC_WARN_UNUSED_VARIABLE = YES;
				IPHONEOS_DEPLOYMENT_TARGET = 13.0;
				MTL_ENABLE_DEBUG_INFO = INCLUDE_SOURCE;
				MTL_FAST_MATH = YES;
				ONLY_ACTIVE_ARCH = YES;
				SDKROOT = iphoneos;
				SWIFT_ACTIVE_COMPILATION_CONDITIONS = DEBUG;
				SWIFT_OPTIMIZATION_LEVEL = "-Onone";
			};
			name = Debug;
		};
		943BF7B2298FF24900B7F3C6 /* Release */ = {
			isa = XCBuildConfiguration;
			buildSettings = {
				ALWAYS_SEARCH_USER_PATHS = NO;
				CLANG_ANALYZER_NONNULL = YES;
				CLANG_ANALYZER_NUMBER_OBJECT_CONVERSION = YES_AGGRESSIVE;
				CLANG_CXX_LANGUAGE_STANDARD = "gnu++20";
				CLANG_ENABLE_MODULES = YES;
				CLANG_ENABLE_OBJC_ARC = YES;
				CLANG_ENABLE_OBJC_WEAK = YES;
				CLANG_WARN_BLOCK_CAPTURE_AUTORELEASING = YES;
				CLANG_WARN_BOOL_CONVERSION = YES;
				CLANG_WARN_COMMA = YES;
				CLANG_WARN_CONSTANT_CONVERSION = YES;
				CLANG_WARN_DEPRECATED_OBJC_IMPLEMENTATIONS = YES;
				CLANG_WARN_DIRECT_OBJC_ISA_USAGE = YES_ERROR;
				CLANG_WARN_DOCUMENTATION_COMMENTS = YES;
				CLANG_WARN_EMPTY_BODY = YES;
				CLANG_WARN_ENUM_CONVERSION = YES;
				CLANG_WARN_INFINITE_RECURSION = YES;
				CLANG_WARN_INT_CONVERSION = YES;
				CLANG_WARN_NON_LITERAL_NULL_CONVERSION = YES;
				CLANG_WARN_OBJC_IMPLICIT_RETAIN_SELF = YES;
				CLANG_WARN_OBJC_LITERAL_CONVERSION = YES;
				CLANG_WARN_OBJC_ROOT_CLASS = YES_ERROR;
				CLANG_WARN_QUOTED_INCLUDE_IN_FRAMEWORK_HEADER = YES;
				CLANG_WARN_RANGE_LOOP_ANALYSIS = YES;
				CLANG_WARN_STRICT_PROTOTYPES = YES;
				CLANG_WARN_SUSPICIOUS_MOVE = YES;
				CLANG_WARN_UNGUARDED_AVAILABILITY = YES_AGGRESSIVE;
				CLANG_WARN_UNREACHABLE_CODE = YES;
				CLANG_WARN__DUPLICATE_METHOD_MATCH = YES;
				COPY_PHASE_STRIP = NO;
				DEBUG_INFORMATION_FORMAT = "dwarf-with-dsym";
				ENABLE_NS_ASSERTIONS = NO;
				ENABLE_STRICT_OBJC_MSGSEND = YES;
				GCC_C_LANGUAGE_STANDARD = gnu11;
				GCC_NO_COMMON_BLOCKS = YES;
				GCC_WARN_64_TO_32_BIT_CONVERSION = YES;
				GCC_WARN_ABOUT_RETURN_TYPE = YES_ERROR;
				GCC_WARN_UNDECLARED_SELECTOR = YES;
				GCC_WARN_UNINITIALIZED_AUTOS = YES_AGGRESSIVE;
				GCC_WARN_UNUSED_FUNCTION = YES;
				GCC_WARN_UNUSED_VARIABLE = YES;
				IPHONEOS_DEPLOYMENT_TARGET = 13.0;
				MTL_ENABLE_DEBUG_INFO = NO;
				MTL_FAST_MATH = YES;
				SDKROOT = iphoneos;
				SWIFT_COMPILATION_MODE = wholemodule;
				SWIFT_OPTIMIZATION_LEVEL = "-O";
				VALIDATE_PRODUCT = YES;
			};
			name = Release;
		};
		943BF7B4298FF24900B7F3C6 /* Debug */ = {
			isa = XCBuildConfiguration;
			buildSettings = {
				ASSETCATALOG_COMPILER_APPICON_NAME = AppIcon;
				ASSETCATALOG_COMPILER_GLOBAL_ACCENT_COLOR_NAME = AccentColor;
				CODE_SIGN_STYLE = Automatic;
				CURRENT_PROJECT_VERSION = 1;
				DEVELOPMENT_TEAM = XX34NBC2NS;
				GENERATE_INFOPLIST_FILE = YES;
				INFOPLIST_FILE = "Kontur-TestTask/Supporting/Info.plist";
				INFOPLIST_KEY_UIApplicationSupportsIndirectInputEvents = YES;
				INFOPLIST_KEY_UILaunchStoryboardName = LaunchScreen;
				INFOPLIST_KEY_UIStatusBarStyle = UIStatusBarStyleLightContent;
				INFOPLIST_KEY_UISupportedInterfaceOrientations = UIInterfaceOrientationPortrait;
				INFOPLIST_KEY_UISupportedInterfaceOrientations_iPad = "UIInterfaceOrientationLandscapeLeft UIInterfaceOrientationLandscapeRight UIInterfaceOrientationPortrait UIInterfaceOrientationPortraitUpsideDown";
				IPHONEOS_DEPLOYMENT_TARGET = 13.0;
				LD_RUNPATH_SEARCH_PATHS = (
					"$(inherited)",
					"@executable_path/Frameworks",
				);
				MARKETING_VERSION = 1.0;
				PRODUCT_BUNDLE_IDENTIFIER = "com.malildugulyubgov.Kontur-TestTask";
				PRODUCT_NAME = "$(TARGET_NAME)";
				SUPPORTED_PLATFORMS = "iphoneos iphonesimulator";
				SUPPORTS_MACCATALYST = NO;
				SUPPORTS_MAC_DESIGNED_FOR_IPHONE_IPAD = NO;
				SWIFT_EMIT_LOC_STRINGS = YES;
				SWIFT_VERSION = 5.0;
				TARGETED_DEVICE_FAMILY = 1;
			};
			name = Debug;
		};
		943BF7B5298FF24900B7F3C6 /* Release */ = {
			isa = XCBuildConfiguration;
			buildSettings = {
				ASSETCATALOG_COMPILER_APPICON_NAME = AppIcon;
				ASSETCATALOG_COMPILER_GLOBAL_ACCENT_COLOR_NAME = AccentColor;
				CODE_SIGN_STYLE = Automatic;
				CURRENT_PROJECT_VERSION = 1;
				DEVELOPMENT_TEAM = XX34NBC2NS;
				GENERATE_INFOPLIST_FILE = YES;
				INFOPLIST_FILE = "Kontur-TestTask/Supporting/Info.plist";
				INFOPLIST_KEY_UIApplicationSupportsIndirectInputEvents = YES;
				INFOPLIST_KEY_UILaunchStoryboardName = LaunchScreen;
				INFOPLIST_KEY_UIStatusBarStyle = UIStatusBarStyleLightContent;
				INFOPLIST_KEY_UISupportedInterfaceOrientations = UIInterfaceOrientationPortrait;
				INFOPLIST_KEY_UISupportedInterfaceOrientations_iPad = "UIInterfaceOrientationLandscapeLeft UIInterfaceOrientationLandscapeRight UIInterfaceOrientationPortrait UIInterfaceOrientationPortraitUpsideDown";
				IPHONEOS_DEPLOYMENT_TARGET = 13.0;
				LD_RUNPATH_SEARCH_PATHS = (
					"$(inherited)",
					"@executable_path/Frameworks",
				);
				MARKETING_VERSION = 1.0;
				PRODUCT_BUNDLE_IDENTIFIER = "com.malildugulyubgov.Kontur-TestTask";
				PRODUCT_NAME = "$(TARGET_NAME)";
				SUPPORTED_PLATFORMS = "iphoneos iphonesimulator";
				SUPPORTS_MACCATALYST = NO;
				SUPPORTS_MAC_DESIGNED_FOR_IPHONE_IPAD = NO;
				SWIFT_EMIT_LOC_STRINGS = YES;
				SWIFT_VERSION = 5.0;
				TARGETED_DEVICE_FAMILY = 1;
			};
			name = Release;
		};
/* End XCBuildConfiguration section */

/* Begin XCConfigurationList section */
		943BF79A298FF24800B7F3C6 /* Build configuration list for PBXProject "Kontur-TestTask" */ = {
			isa = XCConfigurationList;
			buildConfigurations = (
				943BF7B1298FF24900B7F3C6 /* Debug */,
				943BF7B2298FF24900B7F3C6 /* Release */,
			);
			defaultConfigurationIsVisible = 0;
			defaultConfigurationName = Release;
		};
		943BF7B3298FF24900B7F3C6 /* Build configuration list for PBXNativeTarget "Kontur-TestTask" */ = {
			isa = XCConfigurationList;
			buildConfigurations = (
				943BF7B4298FF24900B7F3C6 /* Debug */,
				943BF7B5298FF24900B7F3C6 /* Release */,
			);
			defaultConfigurationIsVisible = 0;
			defaultConfigurationName = Release;
		};
/* End XCConfigurationList section */
	};
	rootObject = 943BF797298FF24800B7F3C6 /* Project object */;
}
